
Microsoft Visual Studio Solution File, Format Version 12.00
# Visual Studio Version 16
VisualStudioVersion = 16.0.30717.126
MinimumVisualStudioVersion = 10.0.40219.1
Project("{FAE04EC0-301F-11D3-BF4B-00C04F79EFBC}") = "Labs_CSharp", "Labs_CSharp\Labs_CSharp.csproj", "{DFE67ABF-5EE6-416C-ADFE-067990F055C2}"
EndProject
Global
	GlobalSection(SolutionConfigurationPlatforms) = preSolution
		Debug|Any CPU = Debug|Any CPU
		Release|Any CPU = Release|Any CPU
	EndGlobalSection
	GlobalSection(ProjectConfigurationPlatforms) = postSolution
		{DFE67ABF-5EE6-416C-ADFE-067990F055C2}.Debug|Any CPU.ActiveCfg = Debug|Any CPU
		{DFE67ABF-5EE6-416C-ADFE-067990F055C2}.Debug|Any CPU.Build.0 = Debug|Any CPU
		{DFE67ABF-5EE6-416C-ADFE-067990F055C2}.Release|Any CPU.ActiveCfg = Release|Any CPU
		{DFE67ABF-5EE6-416C-ADFE-067990F055C2}.Release|Any CPU.Build.0 = Release|Any CPU
	EndGlobalSection
	GlobalSection(SolutionProperties) = preSolution
		HideSolutionNode = FALSE
	EndGlobalSection
	GlobalSection(ExtensibilityGlobals) = postSolution
		SolutionGuid = {D3EDA9C3-AAC1-49E2-BD2F-4D3DE585E378}
	EndGlobalSection
EndGlobal
